PODS:
  - KochbuchDeviceInfo (0.0.2)

DEPENDENCIES:
  - KochbuchDeviceInfo (from `../`)

EXTERNAL SOURCES:
  KochbuchDeviceInfo:
    :path: "../"

SPEC CHECKSUMS:
  KochbuchDeviceInfo: c6c8cfaf4e69a15e862150cf9c8d55da6c7eb5ca

PODFILE CHECKSUM: a1d9eceddf728989e12d53d32437821f9b19776f

COCOAPODS: 1.16.2
